// !$*UTF8*$!
{
	archiveVersion = 1;
	classes = {
	};
	objectVersion = 56;
	objects = {

/* Begin PBXBuildFile section */
		86C6EDC22D4F3F9C00D40E14 /* AppDelegate.swift in Sources */ = {isa = PBXBuildFile; fileRef = 86C6EDC12D4F3F9C00D40E14 /* AppDelegate.swift */; };
		86C6EDC42D4F3F9C00D40E14 /* SceneDelegate.swift in Sources */ = {isa = PBXBuildFile; fileRef = 86C6EDC32D4F3F9C00D40E14 /* SceneDelegate.swift */; };
		86C6EDC62D4F3F9C00D40E14 /* ViewController.swift in Sources */ = {isa = PBXBuildFile; fileRef = 86C6EDC52D4F3F9C00D40E14 /* ViewController.swift */; };
		86C6EDC92D4F3F9C00D40E14 /* Main.storyboard in Resources */ = {isa = PBXBuildFile; fileRef = 86C6EDC72D4F3F9C00D40E14 /* Main.storyboard */; };
		86C6EDCC2D4F3F9C00D40E14 /* iOSAssignment.xcdatamodeld in Sources */ = {isa = PBXBuildFile; fileRef = 86C6EDCA2D4F3F9C00D40E14 /* iOSAssignment.xcdatamodeld */; };
		86C6EDCE2D4F3F9D00D40E14 /* Assets.xcassets in Resources */ = {isa = PBXBuildFile; fileRef = 86C6EDCD2D4F3F9D00D40E14 /* Assets.xcassets */; };
		86C6EDD12D4F3F9D00D40E14 /* LaunchScreen.storyboard in Resources */ = {isa = PBXBuildFile; fileRef = 86C6EDCF2D4F3F9D00D40E14 /* LaunchScreen.storyboard */; };
		86C6EDDC2D4F3F9D00D40E14 /* iOSAssignmentTests.swift in Sources */ = {isa = PBXBuildFile; fileRef = 86C6EDDB2D4F3F9D00D40E14 /* iOSAssignmentTests.swift */; };
		86C6EDE62D4F3F9D00D40E14 /* iOSAssignmentUITests.swift in Sources */ = {isa = PBXBuildFile; fileRef = 86C6EDE52D4F3F9D00D40E14 /* iOSAssignmentUITests.swift */; };
		86C6EDE82D4F3F9D00D40E14 /* iOSAssignmentUITestsLaunchTests.swift in Sources */ = {isa = PBXBuildFile; fileRef = 86C6EDE72D4F3F9D00D40E14 /* iOSAssignmentUITestsLaunchTests.swift */; };
/* End PBXBuildFile section */

/* Begin PBXContainerItemProxy section */
		86C6EDD82D4F3F9D00D40E14 /* PBXContainerItemProxy */ = {
			isa = PBXContainerItemProxy;
			containerPortal = 86C6EDB62D4F3F9C00D40E14 /* Project object */;
			proxyType = 1;
			remoteGlobalIDString = 86C6EDBD2D4F3F9C00D40E14;
			remoteInfo = iOSAssignment;
		};
		86C6EDE22D4F3F9D00D40E14 /* PBXContainerItemProxy */ = {
			isa = PBXContainerItemProxy;
			containerPortal = 86C6EDB62D4F3F9C00D40E14 /* Project object */;
			proxyType = 1;
			remoteGlobalIDString = 86C6EDBD2D4F3F9C00D40E14;
			remoteInfo = iOSAssignment;
		};
/* End PBXContainerItemProxy section */

/* Begin PBXFileReference section */
		86C6EDBE2D4F3F9C00D40E14 /* iOSAssignment.app */ = {isa = PBXFileReference; explicitFileType = wrapper.application; includeInIndex = 0; path = iOSAssignment.app; sourceTree = BUILT_PRODUCTS_DIR; };
		86C6EDC12D4F3F9C00D40E14 /* AppDelegate.swift */ = {isa = PBXFileReference; lastKnownFileType = sourcecode.swift; path = AppDelegate.swift; sourceTree = "<group>"; };
		86C6EDC32D4F3F9C00D40E14 /* SceneDelegate.swift */ = {isa = PBXFileReference; lastKnownFileType = sourcecode.swift; path = SceneDelegate.swift; sourceTree = "<group>"; };
		86C6EDC52D4F3F9C00D40E14 /* ViewController.swift */ = {isa = PBXFileReference; lastKnownFileType = sourcecode.swift; path = ViewController.swift; sourceTree = "<group>"; };
		86C6EDC82D4F3F9C00D40E14 /* Base */ = {isa = PBXFileReference; lastKnownFileType = file.storyboard; name = Base; path = Base.lproj/Main.storyboard; sourceTree = "<group>"; };
		86C6EDCB2D4F3F9C00D40E14 /* iOSAssignment.xcdatamodel */ = {isa = PBXFileReference; lastKnownFileType = wrapper.xcdatamodel; path = iOSAssignment.xcdatamodel; sourceTree = "<group>"; };
		86C6EDCD2D4F3F9D00D40E14 /* Assets.xcassets */ = {isa = PBXFileReference; lastKnownFileType = folder.assetcatalog; path = Assets.xcassets; sourceTree = "<group>"; };
		86C6EDD02D4F3F9D00D40E14 /* Base */ = {isa = PBXFileReference; lastKnownFileType = file.storyboard; name = Base; path = Base.lproj/LaunchScreen.storyboard; sourceTree = "<group>"; };
		86C6EDD22D4F3F9D00D40E14 /* Info.plist */ = {isa = PBXFileReference; lastKnownFileType = text.plist.xml; path = Info.plist; sourceTree = "<group>"; };
		86C6EDD72D4F3F9D00D40E14 /* iOSAssignmentTests.xctest */ = {isa = PBXFileReference; explicitFileType = wrapper.cfbundle; includeInIndex = 0; path = iOSAssignmentTests.xctest; sourceTree = BUILT_PRODUCTS_DIR; };
		86C6EDDB2D4F3F9D00D40E14 /* iOSAssignmentTests.swift */ = {isa = PBXFileReference; lastKnownFileType = sourcecode.swift; path = iOSAssignmentTests.swift; sourceTree = "<group>"; };
		86C6EDE12D4F3F9D00D40E14 /* iOSAssignmentUITests.xctest */ = {isa = PBXFileReference; explicitFileType = wrapper.cfbundle; includeInIndex = 0; path = iOSAssignmentUITests.xctest; sourceTree = BUILT_PRODUCTS_DIR; };
		86C6EDE52D4F3F9D00D40E14 /* iOSAssignmentUITests.swift */ = {isa = PBXFileReference; lastKnownFileType = sourcecode.swift; path = iOSAssignmentUITests.swift; sourceTree = "<group>"; };
		86C6EDE72D4F3F9D00D40E14 /* iOSAssignmentUITestsLaunchTests.swift */ = {isa = PBXFileReference; lastKnownFileType = sourcecode.swift; path = iOSAssignmentUITestsLaunchTests.swift; sourceTree = "<group>"; };
/* End PBXFileReference section */

/* Begin PBXFrameworksBuildPhase section */
		86C6EDBB2D4F3F9C00D40E14 /* Frameworks */ = {
			isa = PBXFrameworksBuildPhase;
			buildActionMask = 2147483647;
			files = (
			);
			runOnlyForDeploymentPostprocessing = 0;
		};
		86C6EDD42D4F3F9D00D40E14 /* Frameworks */ = {
			isa = PBXFrameworksBuildPhase;
			buildActionMask = 2147483647;
			files = (
			);
			runOnlyForDeploymentPostprocessing = 0;
		};
		86C6EDDE2D4F3F9D00D40E14 /* Frameworks */ = {
			isa = PBXFrameworksBuildPhase;
			buildActionMask = 2147483647;
			files = (
			);
			runOnlyForDeploymentPostprocessing = 0;
		};
/* End PBXFrameworksBuildPhase section */

/* Begin PBXGroup section */
		86C6EDB52D4F3F9C00D40E14 = {
			isa = PBXGroup;
			children = (
				86C6EDC02D4F3F9C00D40E14 /* iOSAssignment */,
				86C6EDDA2D4F3F9D00D40E14 /* iOSAssignmentTests */,
				86C6EDE42D4F3F9D00D40E14 /* iOSAssignmentUITests */,
				86C6EDBF2D4F3F9C00D40E14 /* Products */,
			);
			sourceTree = "<group>";
		};
		86C6EDBF2D4F3F9C00D40E14 /* Products */ = {
			isa = PBXGroup;
			children = (
				86C6EDBE2D4F3F9C00D40E14 /* iOSAssignment.app */,
				86C6EDD72D4F3F9D00D40E14 /* iOSAssignmentTests.xctest */,
				86C6EDE12D4F3F9D00D40E14 /* iOSAssignmentUITests.xctest */,
			);
			name = Products;
			sourceTree = "<group>";
		};
		86C6EDC02D4F3F9C00D40E14 /* iOSAssignment */ = {
			isa = PBXGroup;
			children = (
				86C6EDC12D4F3F9C00D40E14 /* AppDelegate.swift */,
				86C6EDC32D4F3F9C00D40E14 /* SceneDelegate.swift */,
				86C6EDC52D4F3F9C00D40E14 /* ViewController.swift */,
				86C6EDC72D4F3F9C00D40E14 /* Main.storyboard */,
				86C6EDCD2D4F3F9D00D40E14 /* Assets.xcassets */,
				86C6EDCF2D4F3F9D00D40E14 /* LaunchScreen.storyboard */,
				86C6EDD22D4F3F9D00D40E14 /* Info.plist */,
				86C6EDCA2D4F3F9C00D40E14 /* iOSAssignment.xcdatamodeld */,
			);
			path = iOSAssignment;
			sourceTree = "<group>";
		};
		86C6EDDA2D4F3F9D00D40E14 /* iOSAssignmentTests */ = {
			isa = PBXGroup;
			children = (
				86C6EDDB2D4F3F9D00D40E14 /* iOSAssignmentTests.swift */,
			);
			path = iOSAssignmentTests;
			sourceTree = "<group>";
		};
		86C6EDE42D4F3F9D00D40E14 /* iOSAssignmentUITests */ = {
			isa = PBXGroup;
			children = (
				86C6EDE52D4F3F9D00D40E14 /* iOSAssignmentUITests.swift */,
				86C6EDE72D4F3F9D00D40E14 /* iOSAssignmentUITestsLaunchTests.swift */,
			);
			path = iOSAssignmentUITests;
			sourceTree = "<group>";
		};
/* End PBXGroup section */

/* Begin PBXNativeTarget section */
		86C6EDBD2D4F3F9C00D40E14 /* iOSAssignment */ = {
			isa = PBXNativeTarget;
			buildConfigurationList = 86C6EDEB2D4F3F9D00D40E14 /* Build configuration list for PBXNativeTarget "iOSAssignment" */;
			buildPhases = (
				86C6EDBA2D4F3F9C00D40E14 /* Sources */,
				86C6EDBB2D4F3F9C00D40E14 /* Frameworks */,
				86C6EDBC2D4F3F9C00D40E14 /* Resources */,
			);
			buildRules = (
			);
			dependencies = (
			);
			name = iOSAssignment;
			productName = iOSAssignment;
			productReference = 86C6EDBE2D4F3F9C00D40E14 /* iOSAssignment.app */;
			productType = "com.apple.product-type.application";
		};
		86C6EDD62D4F3F9D00D40E14 /* iOSAssignmentTests */ = {
			isa = PBXNativeTarget;
			buildConfigurationList = 86C6EDEE2D4F3F9D00D40E14 /* Build configuration list for PBXNativeTarget "iOSAssignmentTests" */;
			buildPhases = (
				86C6EDD32D4F3F9D00D40E14 /* Sources */,
				86C6EDD42D4F3F9D00D40E14 /* Frameworks */,
				86C6EDD52D4F3F9D00D40E14 /* Resources */,
			);
			buildRules = (
			);
			dependencies = (
				86C6EDD92D4F3F9D00D40E14 /* PBXTargetDependency */,
			);
			name = iOSAssignmentTests;
			productName = iOSAssignmentTests;
			productReference = 86C6EDD72D4F3F9D00D40E14 /* iOSAssignmentTests.xctest */;
			productType = "com.apple.product-type.bundle.unit-test";
		};
		86C6EDE02D4F3F9D00D40E14 /* iOSAssignmentUITests */ = {
			isa = PBXNativeTarget;
			buildConfigurationList = 86C6EDF12D4F3F9D00D40E14 /* Build configuration list for PBXNativeTarget "iOSAssignmentUITests" */;
			buildPhases = (
				86C6EDDD2D4F3F9D00D40E14 /* Sources */,
				86C6EDDE2D4F3F9D00D40E14 /* Frameworks */,
				86C6EDDF2D4F3F9D00D40E14 /* Resources */,
			);
			buildRules = (
			);
			dependencies = (
				86C6EDE32D4F3F9D00D40E14 /* PBXTargetDependency */,
			);
			name = iOSAssignmentUITests;
			productName = iOSAssignmentUITests;
			productReference = 86C6EDE12D4F3F9D00D40E14 /* iOSAssignmentUITests.xctest */;
			productType = "com.apple.product-type.bundle.ui-testing";
		};
/* End PBXNativeTarget section */

/* Begin PBXProject section */
		86C6EDB62D4F3F9C00D40E14 /* Project object */ = {
			isa = PBXProject;
			attributes = {
				BuildIndependentTargetsInParallel = 1;
				LastSwiftUpdateCheck = 1500;
				LastUpgradeCheck = 1500;
				TargetAttributes = {
					86C6EDBD2D4F3F9C00D40E14 = {
						CreatedOnToolsVersion = 15.0.1;
					};
					86C6EDD62D4F3F9D00D40E14 = {
						CreatedOnToolsVersion = 15.0.1;
						TestTargetID = 86C6EDBD2D4F3F9C00D40E14;
					};
					86C6EDE02D4F3F9D00D40E14 = {
						CreatedOnToolsVersion = 15.0.1;
						TestTargetID = 86C6EDBD2D4F3F9C00D40E14;
					};
				};
			};
			buildConfigurationList = 86C6EDB92D4F3F9C00D40E14 /* Build configuration list for PBXProject "iOSAssignment" */;
			compatibilityVersion = "Xcode 14.0";
			developmentRegion = en;
			hasScannedForEncodings = 0;
			knownRegions = (
				en,
				Base,
			);
			mainGroup = 86C6EDB52D4F3F9C00D40E14;
			productRefGroup = 86C6EDBF2D4F3F9C00D40E14 /* Products */;
			projectDirPath = "";
			projectRoot = "";
			targets = (
				86C6EDBD2D4F3F9C00D40E14 /* iOSAssignment */,
				86C6EDD62D4F3F9D00D40E14 /* iOSAssignmentTests */,
				86C6EDE02D4F3F9D00D40E14 /* iOSAssignmentUITests */,
			);
		};
/* End PBXProject section */

/* Begin PBXResourcesBuildPhase section */
		86C6EDBC2D4F3F9C00D40E14 /* Resources */ = {
			isa = PBXResourcesBuildPhase;
			buildActionMask = 2147483647;
			files = (
				86C6EDD12D4F3F9D00D40E14 /* LaunchScreen.storyboard in Resources */,
				86C6EDCE2D4F3F9D00D40E14 /* Assets.xcassets in Resources */,
				86C6EDC92D4F3F9C00D40E14 /* Main.storyboard in Resources */,
			);
			runOnlyForDeploymentPostprocessing = 0;
		};
		86C6EDD52D4F3F9D00D40E14 /* Resources */ = {
			isa = PBXResourcesBuildPhase;
			buildActionMask = 2147483647;
			files = (
			);
			runOnlyForDeploymentPostprocessing = 0;
		};
		86C6EDDF2D4F3F9D00D40E14 /* Resources */ = {
			isa = PBXResourcesBuildPhase;
			buildActionMask = 2147483647;
			files = (
			);
			runOnlyForDeploymentPostprocessing = 0;
		};
/* End PBXResourcesBuildPhase section */

/* Begin PBXSourcesBuildPhase section */
		86C6EDBA2D4F3F9C00D40E14 /* Sources */ = {
			isa = PBXSourcesBuildPhase;
			buildActionMask = 2147483647;
			files = (
				86C6EDC62D4F3F9C00D40E14 /* ViewController.swift in Sources */,
				86C6EDC22D4F3F9C00D40E14 /* AppDelegate.swift in Sources */,
				86C6EDCC2D4F3F9C00D40E14 /* iOSAssignment.xcdatamodeld in Sources */,
				86C6EDC42D4F3F9C00D40E14 /* SceneDelegate.swift in Sources */,
			);
			runOnlyForDeploymentPostprocessing = 0;
		};
		86C6EDD32D4F3F9D00D40E14 /* Sources */ = {
			isa = PBXSourcesBuildPhase;
			buildActionMask = 2147483647;
			files = (
				86C6EDDC2D4F3F9D00D40E14 /* iOSAssignmentTests.swift in Sources */,
			);
			runOnlyForDeploymentPostprocessing = 0;
		};
		86C6EDDD2D4F3F9D00D40E14 /* Sources */ = {
			isa = PBXSourcesBuildPhase;
			buildActionMask = 2147483647;
			files = (
				86C6EDE62D4F3F9D00D40E14 /* iOSAssignmentUITests.swift in Sources */,
				86C6EDE82D4F3F9D00D40E14 /* iOSAssignmentUITestsLaunchTests.swift in Sources */,
			);
			runOnlyForDeploymentPostprocessing = 0;
		};
/* End PBXSourcesBuildPhase section */

/* Begin PBXTargetDependency section */
		86C6EDD92D4F3F9D00D40E14 /* PBXTargetDependency */ = {
			isa = PBXTargetDependency;
			target = 86C6EDBD2D4F3F9C00D40E14 /* iOSAssignment */;
			targetProxy = 86C6EDD82D4F3F9D00D40E14 /* PBXContainerItemProxy */;
		};
		86C6EDE32D4F3F9D00D40E14 /* PBXTargetDependency */ = {
			isa = PBXTargetDependency;
			target = 86C6EDBD2D4F3F9C00D40E14 /* iOSAssignment */;
			targetProxy = 86C6EDE22D4F3F9D00D40E14 /* PBXContainerItemProxy */;
		};
/* End PBXTargetDependency section */

/* Begin PBXVariantGroup section */
		86C6EDC72D4F3F9C00D40E14 /* Main.storyboard */ = {
			isa = PBXVariantGroup;
			children = (
				86C6EDC82D4F3F9C00D40E14 /* Base */,
			);
			name = Main.storyboard;
			sourceTree = "<group>";
		};
		86C6EDCF2D4F3F9D00D40E14 /* LaunchScreen.storyboard */ = {
			isa = PBXVariantGroup;
			children = (
				86C6EDD02D4F3F9D00D40E14 /* Base */,
			);
			name = LaunchScreen.storyboard;
			sourceTree = "<group>";
		};
/* End PBXVariantGroup section */

/* Begin XCBuildConfiguration section */
		86C6EDE92D4F3F9D00D40E14 /* Debug */ = {
			isa = XCBuildConfiguration;
			buildSettings = {
				ALWAYS_SEARCH_USER_PATHS = NO;
				ASSETCATALOG_COMPILER_GENERATE_SWIFT_ASSET_SYMBOL_EXTENSIONS = YES;
				CLANG_ANALYZER_NONNULL = YES;
				CLANG_ANALYZER_NUMBER_OBJECT_CONVERSION = YES_AGGRESSIVE;
				CLANG_CXX_LANGUAGE_STANDARD = "gnu++20";
				CLANG_ENABLE_MODULES = YES;
				CLANG_ENABLE_OBJC_ARC = YES;
				CLANG_ENABLE_OBJC_WEAK = YES;
				CLANG_WARN_BLOCK_CAPTURE_AUTORELEASING = YES;
				CLANG_WARN_BOOL_CONVERSION = YES;
				CLANG_WARN_COMMA = YES;
				CLANG_WARN_CONSTANT_CONVERSION = YES;
				CLANG_WARN_DEPRECATED_OBJC_IMPLEMENTATIONS = YES;
				CLANG_WARN_DIRECT_OBJC_ISA_USAGE = YES_ERROR;
				CLANG_WARN_DOCUMENTATION_COMMENTS = YES;
				CLANG_WARN_EMPTY_BODY = YES;
				CLANG_WARN_ENUM_CONVERSION = YES;
				CLANG_WARN_INFINITE_RECURSION = YES;
				CLANG_WARN_INT_CONVERSION = YES;
				CLANG_WARN_NON_LITERAL_NULL_CONVERSION = YES;
				CLANG_WARN_OBJC_IMPLICIT_RETAIN_SELF = YES;
				CLANG_WARN_OBJC_LITERAL_CONVERSION = YES;
				CLANG_WARN_OBJC_ROOT_CLASS = YES_ERROR;
				CLANG_WARN_QUOTED_INCLUDE_IN_FRAMEWORK_HEADER = YES;
				CLANG_WARN_RANGE_LOOP_ANALYSIS = YES;
				CLANG_WARN_STRICT_PROTOTYPES = YES;
				CLANG_WARN_SUSPICIOUS_MOVE = YES;
				CLANG_WARN_UNGUARDED_AVAILABILITY = YES_AGGRESSIVE;
				CLANG_WARN_UNREACHABLE_CODE = YES;
				CLANG_WARN__DUPLICATE_METHOD_MATCH = YES;
				COPY_PHASE_STRIP = NO;
				DEBUG_INFORMATION_FORMAT = dwarf;
				ENABLE_STRICT_OBJC_MSGSEND = YES;
				ENABLE_TESTABILITY = YES;
				ENABLE_USER_SCRIPT_SANDBOXING = YES;
				GCC_C_LANGUAGE_STANDARD = gnu17;
				GCC_DYNAMIC_NO_PIC = NO;
				GCC_NO_COMMON_BLOCKS = YES;
				GCC_OPTIMIZATION_LEVEL = 0;
				GCC_PREPROCESSOR_DEFINITIONS = (
					"DEBUG=1",
					"$(inherited)",
				);
				GCC_WARN_64_TO_32_BIT_CONVERSION = YES;
				GCC_WARN_ABOUT_RETURN_TYPE = YES_ERROR;
				GCC_WARN_UNDECLARED_SELECTOR = YES;
				GCC_WARN_UNINITIALIZED_AUTOS = YES_AGGRESSIVE;
				GCC_WARN_UNUSED_FUNCTION = YES;
				GCC_WARN_UNUSED_VARIABLE = YES;
				IPHONEOS_DEPLOYMENT_TARGET = 17.0;
				LOCALIZATION_PREFERS_STRING_CATALOGS = YES;
				MTL_ENABLE_DEBUG_INFO = INCLUDE_SOURCE;
				MTL_FAST_MATH = YES;
				ONLY_ACTIVE_ARCH = YES;
				SDKROOT = iphoneos;
				SWIFT_ACTIVE_COMPILATION_CONDITIONS = "DEBUG $(inherited)";
				SWIFT_OPTIMIZATION_LEVEL = "-Onone";
			};
			name = Debug;
		};
		86C6EDEA2D4F3F9D00D40E14 /* Release */ = {
			isa = XCBuildConfiguration;
			buildSettings = {
				ALWAYS_SEARCH_USER_PATHS = NO;
				ASSETCATALOG_COMPILER_GENERATE_SWIFT_ASSET_SYMBOL_EXTENSIONS = YES;
				CLANG_ANALYZER_NONNULL = YES;
				CLANG_ANALYZER_NUMBER_OBJECT_CONVERSION = YES_AGGRESSIVE;
				CLANG_CXX_LANGUAGE_STANDARD = "gnu++20";
				CLANG_ENABLE_MODULES = YES;
				CLANG_ENABLE_OBJC_ARC = YES;
				CLANG_ENABLE_OBJC_WEAK = YES;
				CLANG_WARN_BLOCK_CAPTURE_AUTORELEASING = YES;
				CLANG_WARN_BOOL_CONVERSION = YES;
				CLANG_WARN_COMMA = YES;
				CLANG_WARN_CONSTANT_CONVERSION = YES;
				CLANG_WARN_DEPRECATED_OBJC_IMPLEMENTATIONS = YES;
				CLANG_WARN_DIRECT_OBJC_ISA_USAGE = YES_ERROR;
				CLANG_WARN_DOCUMENTATION_COMMENTS = YES;
				CLANG_WARN_EMPTY_BODY = YES;
				CLANG_WARN_ENUM_CONVERSION = YES;
				CLANG_WARN_INFINITE_RECURSION = YES;
				CLANG_WARN_INT_CONVERSION = YES;
				CLANG_WARN_NON_LITERAL_NULL_CONVERSION = YES;
				CLANG_WARN_OBJC_IMPLICIT_RETAIN_SELF = YES;
				CLANG_WARN_OBJC_LITERAL_CONVERSION = YES;
				CLANG_WARN_OBJC_ROOT_CLASS = YES_ERROR;
				CLANG_WARN_QUOTED_INCLUDE_IN_FRAMEWORK_HEADER = YES;
				CLANG_WARN_RANGE_LOOP_ANALYSIS = YES;
				CLANG_WARN_STRICT_PROTOTYPES = YES;
				CLANG_WARN_SUSPICIOUS_MOVE = YES;
				CLANG_WARN_UNGUARDED_AVAILABILITY = YES_AGGRESSIVE;
				CLANG_WARN_UNREACHABLE_CODE = YES;
				CLANG_WARN__DUPLICATE_METHOD_MATCH = YES;
				COPY_PHASE_STRIP = NO;
				DEBUG_INFORMATION_FORMAT = "dwarf-with-dsym";
				ENABLE_NS_ASSERTIONS = NO;
				ENABLE_STRICT_OBJC_MSGSEND = YES;
				ENABLE_USER_SCRIPT_SANDBOXING = YES;
				GCC_C_LANGUAGE_STANDARD = gnu17;
				GCC_NO_COMMON_BLOCKS = YES;
				GCC_WARN_64_TO_32_BIT_CONVERSION = YES;
				GCC_WARN_ABOUT_RETURN_TYPE = YES_ERROR;
				GCC_WARN_UNDECLARED_SELECTOR = YES;
				GCC_WARN_UNINITIALIZED_AUTOS = YES_AGGRESSIVE;
				GCC_WARN_UNUSED_FUNCTION = YES;
				GCC_WARN_UNUSED_VARIABLE = YES;
				IPHONEOS_DEPLOYMENT_TARGET = 17.0;
				LOCALIZATION_PREFERS_STRING_CATALOGS = YES;
				MTL_ENABLE_DEBUG_INFO = NO;
				MTL_FAST_MATH = YES;
				SDKROOT = iphoneos;
				SWIFT_COMPILATION_MODE = wholemodule;
				VALIDATE_PRODUCT = YES;
			};
			name = Release;
		};
		86C6EDEC2D4F3F9D00D40E14 /* Debug */ = {
			isa = XCBuildConfiguration;
			buildSettings = {
				ASSETCATALOG_COMPILER_APPICON_NAME = AppIcon;
				ASSETCATALOG_COMPILER_GLOBAL_ACCENT_COLOR_NAME = AccentColor;
				CODE_SIGN_STYLE = Automatic;
				CURRENT_PROJECT_VERSION = 1;
				DEVELOPMENT_TEAM = HT87RV77TN;
				GENERATE_INFOPLIST_FILE = YES;
				INFOPLIST_FILE = iOSAssignment/Info.plist;
				INFOPLIST_KEY_UIApplicationSupportsIndirectInputEvents = YES;
				INFOPLIST_KEY_UILaunchStoryboardName = LaunchScreen;
				INFOPLIST_KEY_UIMainStoryboardFile = Main;
				INFOPLIST_KEY_UISupportedInterfaceOrientations_iPad = "UIInterfaceOrientationPortrait UIInterfaceOrientationPortraitUpsideDown UIInterfaceOrientationLandscapeLeft UIInterfaceOrientationLandscapeRight";
				INFOPLIST_KEY_UISupportedInterfaceOrientations_iPhone = "UIInterfaceOrientationPortrait UIInterfaceOrientationLandscapeLeft UIInterfaceOrientationLandscapeRight";
				LD_RUNPATH_SEARCH_PATHS = (
					"$(inherited)",
					"@executable_path/Frameworks",
				);
				MARKETING_VERSION = 1.0;
				PRODUCT_BUNDLE_IDENTIFIER = com.yasir.iOSAssignment;
				PRODUCT_NAME = "$(TARGET_NAME)";
				SWIFT_EMIT_LOC_STRINGS = YES;
				SWIFT_VERSION = 5.0;
				TARGETED_DEVICE_FAMILY = "1,2";
			};
			name = Debug;
		};
		86C6EDED2D4F3F9D00D40E14 /* Release */ = {
			isa = XCBuildConfiguration;
			buildSettings = {
				ASSETCATALOG_COMPILER_APPICON_NAME = AppIcon;
				ASSETCATALOG_COMPILER_GLOBAL_ACCENT_COLOR_NAME = AccentColor;
				CODE_SIGN_STYLE = Automatic;
				CURRENT_PROJECT_VERSION = 1;
				DEVELOPMENT_TEAM = HT87RV77TN;
				GENERATE_INFOPLIST_FILE = YES;
				INFOPLIST_FILE = iOSAssignment/Info.plist;
				INFOPLIST_KEY_UIApplicationSupportsIndirectInputEvents = YES;
				INFOPLIST_KEY_UILaunchStoryboardName = LaunchScreen;
				INFOPLIST_KEY_UIMainStoryboardFile = Main;
				INFOPLIST_KEY_UISupportedInterfaceOrientations_iPad = "UIInterfaceOrientationPortrait UIInterfaceOrientationPortraitUpsideDown UIInterfaceOrientationLandscapeLeft UIInterfaceOrientationLandscapeRight";
				INFOPLIST_KEY_UISupportedInterfaceOrientations_iPhone = "UIInterfaceOrientationPortrait UIInterfaceOrientationLandscapeLeft UIInterfaceOrientationLandscapeRight";
				LD_RUNPATH_SEARCH_PATHS = (
					"$(inherited)",
					"@executable_path/Frameworks",
				);
				MARKETING_VERSION = 1.0;
				PRODUCT_BUNDLE_IDENTIFIER = com.yasir.iOSAssignment;
				PRODUCT_NAME = "$(TARGET_NAME)";
				SWIFT_EMIT_LOC_STRINGS = YES;
				SWIFT_VERSION = 5.0;
				TARGETED_DEVICE_FAMILY = "1,2";
			};
			name = Release;
		};
		86C6EDEF2D4F3F9D00D40E14 /* Debug */ = {
			isa = XCBuildConfiguration;
			buildSettings = {
				ALWAYS_EMBED_SWIFT_STANDARD_LIBRARIES = YES;
				BUNDLE_LOADER = "$(TEST_HOST)";
				CODE_SIGN_STYLE = Automatic;
				CURRENT_PROJECT_VERSION = 1;
				DEVELOPMENT_TEAM = HT87RV77TN;
				GENERATE_INFOPLIST_FILE = YES;
				IPHONEOS_DEPLOYMENT_TARGET = 17.0;
				MARKETING_VERSION = 1.0;
				PRODUCT_BUNDLE_IDENTIFIER = com.yasir.iOSAssignmentTests;
				PRODUCT_NAME = "$(TARGET_NAME)";
				SWIFT_EMIT_LOC_STRINGS = NO;
				SWIFT_VERSION = 5.0;
				TARGETED_DEVICE_FAMILY = "1,2";
				TEST_HOST = "$(BUILT_PRODUCTS_DIR)/iOSAssignment.app/$(BUNDLE_EXECUTABLE_FOLDER_PATH)/iOSAssignment";
			};
			name = Debug;
		};
		86C6EDF02D4F3F9D00D40E14 /* Release */ = {
			isa = XCBuildConfiguration;
			buildSettings = {
				ALWAYS_EMBED_SWIFT_STANDARD_LIBRARIES = YES;
				BUNDLE_LOADER = "$(TEST_HOST)";
				CODE_SIGN_STYLE = Automatic;
				CURRENT_PROJECT_VERSION = 1;
				DEVELOPMENT_TEAM = HT87RV77TN;
				GENERATE_INFOPLIST_FILE = YES;
				IPHONEOS_DEPLOYMENT_TARGET = 17.0;
				MARKETING_VERSION = 1.0;
				PRODUCT_BUNDLE_IDENTIFIER = com.yasir.iOSAssignmentTests;
				PRODUCT_NAME = "$(TARGET_NAME)";
				SWIFT_EMIT_LOC_STRINGS = NO;
				SWIFT_VERSION = 5.0;
				TARGETED_DEVICE_FAMILY = "1,2";
				TEST_HOST = "$(BUILT_PRODUCTS_DIR)/iOSAssignment.app/$(BUNDLE_EXECUTABLE_FOLDER_PATH)/iOSAssignment";
			};
			name = Release;
		};
		86C6EDF22D4F3F9D00D40E14 /* Debug */ = {
			isa = XCBuildConfiguration;
			buildSettings = {
				ALWAYS_EMBED_SWIFT_STANDARD_LIBRARIES = YES;
				CODE_SIGN_STYLE = Automatic;
				CURRENT_PROJECT_VERSION = 1;
				DEVELOPMENT_TEAM = HT87RV77TN;
				GENERATE_INFOPLIST_FILE = YES;
				MARKETING_VERSION = 1.0;
				PRODUCT_BUNDLE_IDENTIFIER = com.yasir.iOSAssignmentUITests;
				PRODUCT_NAME = "$(TARGET_NAME)";
				SWIFT_EMIT_LOC_STRINGS = NO;
				SWIFT_VERSION = 5.0;
				TARGETED_DEVICE_FAMILY = "1,2";
				TEST_TARGET_NAME = iOSAssignment;
			};
			name = Debug;
		};
		86C6EDF32D4F3F9D00D40E14 /* Release */ = {
			isa = XCBuildConfiguration;
			buildSettings = {
				ALWAYS_EMBED_SWIFT_STANDARD_LIBRARIES = YES;
				CODE_SIGN_STYLE = Automatic;
				CURRENT_PROJECT_VERSION = 1;
				DEVELOPMENT_TEAM = HT87RV77TN;
				GENERATE_INFOPLIST_FILE = YES;
				MARKETING_VERSION = 1.0;
				PRODUCT_BUNDLE_IDENTIFIER = com.yasir.iOSAssignmentUITests;
				PRODUCT_NAME = "$(TARGET_NAME)";
				SWIFT_EMIT_LOC_STRINGS = NO;
				SWIFT_VERSION = 5.0;
				TARGETED_DEVICE_FAMILY = "1,2";
				TEST_TARGET_NAME = iOSAssignment;
			};
			name = Release;
		};
/* End XCBuildConfiguration section */

/* Begin XCConfigurationList section */
		86C6EDB92D4F3F9C00D40E14 /* Build configuration list for PBXProject "iOSAssignment" */ = {
			isa = XCConfigurationList;
			buildConfigurations = (
				86C6EDE92D4F3F9D00D40E14 /* Debug */,
				86C6EDEA2D4F3F9D00D40E14 /* Release */,
			);
			defaultConfigurationIsVisible = 0;
			defaultConfigurationName = Release;
		};
		86C6EDEB2D4F3F9D00D40E14 /* Build configuration list for PBXNativeTarget "iOSAssignment" */ = {
			isa = XCConfigurationList;
			buildConfigurations = (
				86C6EDEC2D4F3F9D00D40E14 /* Debug */,
				86C6EDED2D4F3F9D00D40E14 /* Release */,
			);
			defaultConfigurationIsVisible = 0;
			defaultConfigurationName = Release;
		};
		86C6EDEE2D4F3F9D00D40E14 /* Build configuration list for PBXNativeTarget "iOSAssignmentTests" */ = {
			isa = XCConfigurationList;
			buildConfigurations = (
				86C6EDEF2D4F3F9D00D40E14 /* Debug */,
				86C6EDF02D4F3F9D00D40E14 /* Release */,
			);
			defaultConfigurationIsVisible = 0;
			defaultConfigurationName = Release;
		};
		86C6EDF12D4F3F9D00D40E14 /* Build configuration list for PBXNativeTarget "iOSAssignmentUITests" */ = {
			isa = XCConfigurationList;
			buildConfigurations = (
				86C6EDF22D4F3F9D00D40E14 /* Debug */,
				86C6EDF32D4F3F9D00D40E14 /* Release */,
			);
			defaultConfigurationIsVisible = 0;
			defaultConfigurationName = Release;
		};
/* End XCConfigurationList section */

/* Begin XCVersionGroup section */
		86C6EDCA2D4F3F9C00D40E14 /* iOSAssignment.xcdatamodeld */ = {
			isa = XCVersionGroup;
			children = (
				86C6EDCB2D4F3F9C00D40E14 /* iOSAssignment.xcdatamodel */,
			);
			currentVersion = 86C6EDCB2D4F3F9C00D40E14 /* iOSAssignment.xcdatamodel */;
			path = iOSAssignment.xcdatamodeld;
			sourceTree = "<group>";
			versionGroupType = wrapper.xcdatamodel;
		};
/* End XCVersionGroup section */
	};
	rootObject = 86C6EDB62D4F3F9C00D40E14 /* Project object */;
}
